
Microsoft Visual Studio Solution File, Format Version 12.00
# Visual Studio Version 17
VisualStudioVersion = 17.6.33723.286
MinimumVisualStudioVersion = 10.0.40219.1
Project("{FAE04EC0-301F-11D3-BF4B-00C04F79EFBC}") = "HR-Employees", "HR-Employees\HR-Employees.csproj", "{31BEF455-143F-415A-A2CB-7D44FBA4290B}"
EndProject
Global
	GlobalSection(SolutionConfigurationPlatforms) = preSolution
		Debug|Any CPU = Debug|Any CPU
		Release|Any CPU = Release|Any CPU
	EndGlobalSection
	GlobalSection(ProjectConfigurationPlatforms) = postSolution
		{31BEF455-143F-415A-A2CB-7D44FBA4290B}.Debug|Any CPU.ActiveCfg = Debug|Any CPU
		{31BEF455-143F-415A-A2CB-7D44FBA4290B}.Debug|Any CPU.Build.0 = Debug|Any CPU
		{31BEF455-143F-415A-A2CB-7D44FBA4290B}.Release|Any CPU.ActiveCfg = Release|Any CPU
		{31BEF455-143F-415A-A2CB-7D44FBA4290B}.Release|Any CPU.Build.0 = Release|Any CPU
	EndGlobalSection
	GlobalSection(SolutionProperties) = preSolution
		HideSolutionNode = FALSE
	EndGlobalSection
	GlobalSection(ExtensibilityGlobals) = postSolution
		SolutionGuid = {B7F8FAE3-8438-4230-89A8-6B91A9720BE8}
	EndGlobalSection
EndGlobal
